version = 1
revision = 3
requires-python = "==3.8.*"

[[package]]
name = "certifi"
version = "2026.1.4"
source = { registry = "https://mirrors.aliyun.com/pypi/simple/" }
sdist = { url = "https://mirrors.aliyun.com/pypi/packages/e0/2d/a891ca51311197f6ad14a7ef42e2399f36cf2f9bd44752b3dc4eab60fdc5/certifi-2026.1.4.tar.gz", hash = "sha256:ac726dd470482006e014ad384921ed6438c457018f4b3d204aea4281258b2120" }
wheels = [
    { url = "https://mirrors.aliyun.com/pypi/packages/e6/ad/3cc14f097111b4de0040c83a525973216457bbeeb63739ef1ed275c1c021/certifi-2026.1.4-py3-none-any.whl", hash = "sha256:9943707519e4add1115f44c2bc244f782c0249876bf51b6599fee1ffbedd685c" },
]

[[package]]
name = "charset-normalizer"
version = "3.4.4"
source = { registry = "https://mirrors.aliyun.com/pypi/simple/" }
sdist = { url = "https://mirrors.aliyun.com/pypi/packages/13/69/33ddede1939fdd074bce5434295f38fae7136463422fe4fd3e0e89b98062/charset_normalizer-3.4.4.tar.gz", hash = "sha256:94537985111c35f28720e43603b8e7b43a6ecfb2ce1d3058bbe955b73404e21a" }
wheels = [
    { url = "https://mirrors.aliyun.com/pypi/packages/0a/4e/3926a1c11f0433791985727965263f788af00db3482d89a7545ca5ecc921/charset_normalizer-3.4.4-cp38-cp38-macosx_10_9_universal2.whl", hash = "sha256:ce8a0633f41a967713a59c4139d29110c07e826d131a316b50ce11b1d79b4f84" },
    { url = "https://mirrors.aliyun.com/pypi/packages/ec/7c/b92d1d1dcffc34592e71ea19c882b6709e43d20fa498042dea8b815638d7/charset_normalizer-3.4.4-cp38-cp38-manylinux2014_aarch64.manylinux_2_17_aarch64.manylinux_2_28_aarch64.whl", hash = "sha256:eaabd426fe94daf8fd157c32e571c85cb12e66692f15516a83a03264b08d06c3" },
    { url = "https://mirrors.aliyun.com/pypi/packages/84/ce/61a28d3bb77281eb24107b937a497f3c43089326d27832a63dcedaab0478/charset_normalizer-3.4.4-cp38-cp38-manylinux2014_armv7l.manylinux_2_17_armv7l.manylinux_2_31_armv7l.whl", hash = "sha256:c4ef880e27901b6cc782f1b95f82da9313c0eb95c3af699103088fa0ac3ce9ac" },
    { url = "https://mirrors.aliyun.com/pypi/packages/c0/bd/c9e59a91b2061c6f8bb98a150670cb16d4cd7c4ba7d11ad0cdf789155f41/charset_normalizer-3.4.4-cp38-cp38-manylinux2014_ppc64le.manylinux_2_17_ppc64le.manylinux_2_28_ppc64le.whl", hash = "sha256:2aaba3b0819274cc41757a1da876f810a3e4d7b6eb25699253a4effef9e8e4af" },
    { url = "https://mirrors.aliyun.com/pypi/packages/bf/37/f17ae176a80f22ff823456af91ba3bc59df308154ff53aef0d39eb3d3419/charset_normalizer-3.4.4-cp38-cp38-manylinux2014_s390x.manylinux_2_17_s390x.manylinux_2_28_s390x.whl", hash = "sha256:778d2e08eda00f4256d7f672ca9fef386071c9202f5e4607920b86d7803387f2" },
    { url = "https://mirrors.aliyun.com/pypi/packages/bf/fa/cf5bb2409a385f78750e78c8d2e24780964976acdaaed65dbd6083ae5b40/charset_normalizer-3.4.4-cp38-cp38-manylinux2014_x86_64.manylinux_2_17_x86_64.manylinux_2_28_x86_64.whl", hash = "sha256:f155a433c2ec037d4e8df17d18922c3a0d9b3232a396690f17175d2946f0218d" },
    { url = "https://mirrors.aliyun.com/pypi/packages/9b/63/579784a65bc7de2d4518d40bb8f1870900163e86f17f21fd1384318c459d/charset_normalizer-3.4.4-cp38-cp38-manylinux_2_31_riscv64.manylinux_2_39_riscv64.whl", hash = "sha256:a8bf8d0f749c5757af2142fe7903a9df1d2e8aa3841559b2bad34b08d0e2bcf3" },
    { url = "https://mirrors.aliyun.com/pypi/packages/a3/a9/94ec6266cd394e8f93a4d69cca651d61bf6ac58d2a0422163b30c698f2c7/charset_normalizer-3.4.4-cp38-cp38-musllinux_1_2_aarch64.whl", hash = "sha256:194f08cbb32dc406d6e1aea671a68be0823673db2832b38405deba2fb0d88f63" },
    { url = "https://mirrors.aliyun.com/pypi/packages/09/14/d6626eb97764b58c2779fa7928fa7d1a49adb8ce687c2dbba4db003c1939/charset_normalizer-3.4.4-cp38-cp38-musllinux_1_2_armv7l.whl", hash = "sha256:6aee717dcfead04c6eb1ce3bd29ac1e22663cdea57f943c87d1eab9a025438d7" },
    { url = "https://mirrors.aliyun.com/pypi/packages/09/01/ddbe6b01313ba191dbb0a43c7563bc770f2448c18127f9ea4b119c44dff0/charset_normalizer-3.4.4-cp38-cp38-musllinux_1_2_ppc64le.whl", hash = "sha256:cd4b7ca9984e5e7985c12bc60a6f173f3c958eae74f3ef6624bb6b26e2abbae4" },
    { url = "https://mirrors.aliyun.com/pypi/packages/95/c8/d05543378bea89296e9af4510b44c704626e191da447235c8fdedfc5b7b2/charset_normalizer-3.4.4-cp38-cp38-musllinux_1_2_riscv64.whl", hash = "sha256:b7cf1017d601aa35e6bb650b6ad28652c9cd78ee6caff19f3c28d03e1c80acbf" },
    { url = "https://mirrors.aliyun.com/pypi/packages/72/01/2866c4377998ef8a1f6802f6431e774a4c8ebe75b0a6e569ceec55c9cbfb/charset_normalizer-3.4.4-cp38-cp38-musllinux_1_2_s390x.whl", hash = "sha256:e912091979546adf63357d7e2ccff9b44f026c075aeaf25a52d0e95ad2281074" },
    { url = "https://mirrors.aliyun.com/pypi/packages/4a/66/66c72468a737b4cbd7851ba2c522fe35c600575fbeac944460b4fd4a06fe/charset_normalizer-3.4.4-cp38-cp38-musllinux_1_2_x86_64.whl", hash = "sha256:5cb4d72eea50c8868f5288b7f7f33ed276118325c1dfd3957089f6b519e1382a" },
    { url = "https://mirrors.aliyun.com/pypi/packages/50/94/d0d56677fdddbffa8ca00ec411f67bb8c947f9876374ddc9d160d4f2c4b3/charset_normalizer-3.4.4-cp38-cp38-win32.whl", hash = "sha256:837c2ce8c5a65a2035be9b3569c684358dfbf109fd3b6969630a87535495ceaa" },
    { url = "https://mirrors.aliyun.com/pypi/packages/00/64/c3bc303d1b586480b1c8e6e1e2191a6d6dd40255244e5cf16763dcec52e6/charset_normalizer-3.4.4-cp38-cp38-win_amd64.whl", hash = "sha256:44c2a8734b333e0578090c4cd6b16f275e07aa6614ca8715e6c038e865e70576" },
    { url = "https://mirrors.aliyun.com/pypi/packages/0a/4c/925909008ed5a988ccbb72dcc897407e5d6d3bd72410d69e051fc0c14647/charset_normalizer-3.4.4-py3-none-any.whl", hash = "sha256:7a32c560861a02ff789ad905a2fe94e3f840803362c84fecf1851cb4cf3dc37f" },
]

[[package]]
name = "click"
version = "8.1.8"
source = { registry = "https://mirrors.aliyun.com/pypi/simple/" }
dependencies = [
    { name = "colorama", marker = "sys_platform == 'win32'" },
]
sdist = { url = "https://mirrors.aliyun.com/pypi/packages/b9/2e/0090cbf739cee7d23781ad4b89a9894a41538e4fcf4c31dcdd705b78eb8b/click-8.1.8.tar.gz", hash = "sha256:ed53c9d8990d83c2a27deae68e4ee337473f6330c040a31d4225c9574d16096a" }
wheels = [
    { url = "https://mirrors.aliyun.com/pypi/packages/7e/d4/7ebdbd03970677812aac39c869717059dbb71a4cfc033ca6e5221787892c/click-8.1.8-py3-none-any.whl", hash = "sha256:63c132bbbed01578a06712a2d1f497bb62d9c1c0d329b7903a866228027263b2" },
]

[[package]]
name = "colorama"
version = "0.4.6"
source = { registry = "https://mirrors.aliyun.com/pypi/simple/" }
sdist = { url = "https://mirrors.aliyun.com/pypi/packages/d8/53/6f443c9a4a8358a93a6792e2acffb9d9d5cb0a5cfd8802644b7b1c9a02e4/colorama-0.4.6.tar.gz", hash = "sha256:08695f5cb7ed6e0531a20572697297273c47b8cae5a63ffc6d6ed5c201be6e44" }
wheels = [
    { url = "https://mirrors.aliyun.com/pypi/packages/d1/d6/3965ed04c63042e047cb6a3e6ed1a63a35087b6a609aa3a15ed8ac56c221/colorama-0.4.6-py2.py3-none-any.whl", hash = "sha256:4f1d9991f5acc0ca119f9d443620b77f9d6b33703e51011c16baf57afb285fc6" },
]

[[package]]
name = "filelock"
version = "3.16.1"
source = { registry = "https://mirrors.aliyun.com/pypi/simple/" }
sdist = { url = "https://mirrors.aliyun.com/pypi/packages/9d/db/3ef5bb276dae18d6ec2124224403d1d67bccdbefc17af4cc8f553e341ab1/filelock-3.16.1.tar.gz", hash = "sha256:c249fbfcd5db47e5e2d6d62198e565475ee65e4831e2561c8e313fa7eb961435" }
wheels = [
    { url = "https://mirrors.aliyun.com/pypi/packages/b9/f8/feced7779d755758a52d1f6635d990b8d98dc0a29fa568bbe0625f18fdf3/filelock-3.16.1-py3-none-any.whl", hash = "sha256:2082e5703d51fbf98ea75855d9d5527e33d8ff23099bec374a134febee6946b0" },
]

[[package]]
name = "future"
version = "1.0.0"
source = { registry = "https://mirrors.aliyun.com/pypi/simple/" }
sdist = { url = "https://mirrors.aliyun.com/pypi/packages/a7/b2/4140c69c6a66432916b26158687e821ba631a4c9273c474343badf84d3ba/future-1.0.0.tar.gz", hash = "sha256:bd2968309307861edae1458a4f8a4f3598c03be43b97521076aebf5d94c07b05" }
wheels = [
    { url = "https://mirrors.aliyun.com/pypi/packages/da/71/ae30dadffc90b9006d77af76b393cb9dfbfc9629f339fc1574a1c52e6806/future-1.0.0-py3-none-any.whl", hash = "sha256:929292d34f5872e70396626ef385ec22355a1fae8ad29e1a734c3e43f9fbc216" },
]

[[package]]
name = "idna"
version = "3.11"
source = { registry = "https://mirrors.aliyun.com/pypi/simple/" }
sdist = { url = "https://mirrors.aliyun.com/pypi/packages/6f/6d/0703ccc57f3a7233505399edb88de3cbd678da106337b9fcde432b65ed60/idna-3.11.tar.gz", hash = "sha256:795dafcc9c04ed0c1fb032c2aa73654d8e8c5023a7df64a53f39190ada629902" }
wheels = [
    { url = "https://mirrors.aliyun.com/pypi/packages/0e/61/66938bbb5fc52dbdf84594873d5b51fb1f7c7794e9c0f5bd885f30bc507b/idna-3.11-py3-none-any.whl", hash = "sha256:771a87f49d9defaf64091e6e6fe9c18d4833f140bd19464795bc32d966ca37ea" },
]

[[package]]
name = "joblib"
version = "1.4.2"
source = { registry = "https://mirrors.aliyun.com/pypi/simple/" }
sdist = { url = "https://mirrors.aliyun.com/pypi/packages/64/33/60135848598c076ce4b231e1b1895170f45fbcaeaa2c9d5e38b04db70c35/joblib-1.4.2.tar.gz", hash = "sha256:2382c5816b2636fbd20a09e0f4e9dad4736765fdfb7dca582943b9c1366b3f0e" }
wheels = [
    { url = "https://mirrors.aliyun.com/pypi/packages/91/29/df4b9b42f2be0b623cbd5e2140cafcaa2bef0759a00b7b70104dcfe2fb51/joblib-1.4.2-py3-none-any.whl", hash = "sha256:06d478d5674cbc267e7496a410ee875abd68e4340feff4490bcb7afb88060ae6" },
]

[[package]]
name = "jsonpickle"
version = "1.1"
source = { registry = "https://mirrors.aliyun.com/pypi/simple/" }
sdist = { url = "https://mirrors.aliyun.com/pypi/packages/12/90/f9606d3ac809e49b6569a5aa5d6a094d11bb4b455a25080968f185df6624/jsonpickle-1.1.tar.gz", hash = "sha256:625098cc8e5854b8c23b587aec33bc8e33e0e597636bfaca76152249c78fe5c1" }
wheels = [
    { url = "https://mirrors.aliyun.com/pypi/packages/dc/12/8c44eabb501e2bc0aec0dd152b328074d98a50968d3a02be28f6037f0c6a/jsonpickle-1.1-py2.py3-none-any.whl", hash = "sha256:0231d6f7ebc4723169310141352d9c9b7bbbd6f3be110cf634575d2bf2af91f0" },
]

[[package]]
name = "numpy"
version = "1.19.0"
source = { registry = "https://mirrors.aliyun.com/pypi/simple/" }
sdist = { url = "https://mirrors.aliyun.com/pypi/packages/f1/2c/717bdd12404c73ec0c8c734c81a0bad7048866bc36a88a1b69fd52b01c07/numpy-1.19.0.zip", hash = "sha256:76766cc80d6128750075378d3bb7812cf146415bd29b588616f72c943c00d598" }
wheels = [
    { url = "https://mirrors.aliyun.com/pypi/packages/fe/89/92751677843f0a81a10d0befff7cb213d8309566c14216a1c57f01b6fd39/numpy-1.19.0-cp38-cp38-macosx_10_9_x86_64.whl", hash = "sha256:dd53d7c4a69e766e4900f29db5872f5824a06827d594427cf1a4aa542818b796" },
    { url = "https://mirrors.aliyun.com/pypi/packages/22/81/ad6125344ba81a988d7c8f184af8bd829b97bb88c2a96a40f3e4d3f4083a/numpy-1.19.0-cp38-cp38-manylinux1_i686.whl", hash = "sha256:30a59fb41bb6b8c465ab50d60a1b298d1cd7b85274e71f38af5a75d6c475d2d2" },
    { url = "https://mirrors.aliyun.com/pypi/packages/7e/60/eb005bde9ed4861096ad93ba6b791d5293c2f24a6f699800348c23fc67d5/numpy-1.19.0-cp38-cp38-manylinux1_x86_64.whl", hash = "sha256:df1889701e2dfd8ba4dc9b1a010f0a60950077fb5242bb92c8b5c7f1a6f2668a" },
    { url = "https://mirrors.aliyun.com/pypi/packages/e0/43/790a3d0002cbb65eef17ff5d592a75d30db0b1bc8479875a875c6dd1fb2d/numpy-1.19.0-cp38-cp38-manylinux2010_i686.whl", hash = "sha256:33c623ef9ca5e19e05991f127c1be5aeb1ab5cdf30cb1c5cf3960752e58b599b" },
    { url = "https://mirrors.aliyun.com/pypi/packages/57/55/5366b0afed57facaf887b05f0e98c887a9e27021e3f4e78a26a6d535e538/numpy-1.19.0-cp38-cp38-manylinux2010_x86_64.whl", hash = "sha256:26f509450db547e4dfa3ec739419b31edad646d21fb8d0ed0734188b35ff6b27" },
    { url = "https://mirrors.aliyun.com/pypi/packages/5e/af/c5c302d5ddaadb1875552d4eb109925f1e818832d5f5b31663069d2c4dba/numpy-1.19.0-cp38-cp38-manylinux2014_aarch64.whl", hash = "sha256:7b57f26e5e6ee2f14f960db46bd58ffdca25ca06dd997729b1b179fddd35f5a3" },
    { url = "https://mirrors.aliyun.com/pypi/packages/36/f3/d38f163624f01914e19868d15ac5fc7a612fcfbb30fd1ecb20d686551afa/numpy-1.19.0-cp38-cp38-win32.whl", hash = "sha256:a8705c5073fe3fcc297fb8e0b31aa794e05af6a329e81b7ca4ffecab7f2b95ef" },
    { url = "https://mirrors.aliyun.com/pypi/packages/df/f3/3fdea08ad680100b5e7abf810a154ce142a63266df1abfdca5cb0f66cca1/numpy-1.19.0-cp38-cp38-win_amd64.whl", hash = "sha256:c2edbb783c841e36ca0fa159f0ae97a88ce8137fb3a6cd82eae77349ba4b607b" },
]

[[package]]
name = "p-tuning"
version = "0.1.0"
source = { virtual = "." }
dependencies = [
    { name = "jsonpickle" },
    { name = "numpy" },
    { name = "scikit-learn" },
    { name = "tensorboardx" },
    { name = "torch" },
    { name = "torchvision" },
    { name = "tqdm" },
    { name = "transformers" },
]

[package.metadata]
requires-dist = [
    { name = "jsonpickle", specifier = "==1.1" },
    { name = "numpy", specifier = "==1.19" },
    { name = "scikit-learn", specifier = "==0.23.1" },
    { name = "tensorboardx", specifier = "==2.1" },
    { name = "torch", specifier = "===1.5.0" },
    { name = "torchvision", specifier = "==0.6.0" },
    { name = "tqdm", specifier = "==4.48.1" },
    { name = "transformers", specifier = "~=3.0" },
]

[[package]]
name = "packaging"
version = "25.0"
source = { registry = "https://mirrors.aliyun.com/pypi/simple/" }
sdist = { url = "https://mirrors.aliyun.com/pypi/packages/a1/d4/1fc4078c65507b51b96ca8f8c3ba19e6a61c8253c72794544580a7b6c24d/packaging-25.0.tar.gz", hash = "sha256:d443872c98d677bf60f6a1f2f8c1cb748e8fe762d2bf9d3148b5599295b0fc4f" }
wheels = [
    { url = "https://mirrors.aliyun.com/pypi/packages/20/12/38679034af332785aac8774540895e234f4d07f7545804097de4b666afd8/packaging-25.0-py3-none-any.whl", hash = "sha256:29572ef2b1f17581046b3a2227d5c611fb25ec70ca1ba8554b24b0e69331a484" },
]

[[package]]
name = "pillow"
version = "10.4.0"
source = { registry = "https://mirrors.aliyun.com/pypi/simple/" }
sdist = { url = "https://mirrors.aliyun.com/pypi/packages/cd/74/ad3d526f3bf7b6d3f408b73fde271ec69dfac8b81341a318ce825f2b3812/pillow-10.4.0.tar.gz", hash = "sha256:166c1cd4d24309b30d61f79f4a9114b7b2313d7450912277855ff5dfd7cd4a06" }
wheels = [
    { url = "https://mirrors.aliyun.com/pypi/packages/56/70/f40009702a477ce87d8d9faaa4de51d6562b3445d7a314accd06e4ffb01d/pillow-10.4.0-cp38-cp38-macosx_10_10_x86_64.whl", hash = "sha256:8d4d5063501b6dd4024b8ac2f04962d661222d120381272deea52e3fc52d3736" },
    { url = "https://mirrors.aliyun.com/pypi/packages/10/43/105823d233c5e5d31cea13428f4474ded9d961652307800979a59d6a4276/pillow-10.4.0-cp38-cp38-macosx_11_0_arm64.whl", hash = "sha256:7c1ee6f42250df403c5f103cbd2768a28fe1a0ea1f0f03fe151c8741e1469c8b" },
    { url = "https://mirrors.aliyun.com/pypi/packages/3c/ad/7850c10bac468a20c918f6a5dbba9ecd106ea1cdc5db3c35e33a60570408/pillow-10.4.0-cp38-cp38-manylinux_2_17_aarch64.manylinux2014_aarch64.whl", hash = "sha256:b15e02e9bb4c21e39876698abf233c8c579127986f8207200bc8a8f6bb27acf2" },
    { url = "https://mirrors.aliyun.com/pypi/packages/84/4c/69bbed9e436ac22f9ed193a2b64f64d68fcfbc9f4106249dc7ed4889907b/pillow-10.4.0-cp38-cp38-manylinux_2_17_x86_64.manylinux2014_x86_64.whl", hash = "sha256:7a8d4bade9952ea9a77d0c3e49cbd8b2890a399422258a77f357b9cc9be8d680" },
    { url = "https://mirrors.aliyun.com/pypi/packages/8f/4f/c183c63828a3f37bf09644ce94cbf72d4929b033b109160a5379c2885932/pillow-10.4.0-cp38-cp38-manylinux_2_28_aarch64.whl", hash = "sha256:43efea75eb06b95d1631cb784aa40156177bf9dd5b4b03ff38979e048258bc6b" },
    { url = "https://mirrors.aliyun.com/pypi/packages/fb/ad/435fe29865f98a8fbdc64add8875a6e4f8c97749a93577a8919ec6f32c64/pillow-10.4.0-cp38-cp38-manylinux_2_28_x86_64.whl", hash = "sha256:950be4d8ba92aca4b2bb0741285a46bfae3ca699ef913ec8416c1b78eadd64cd" },
    { url = "https://mirrors.aliyun.com/pypi/packages/80/74/be8bf8acdfd70e91f905a12ae13cfb2e17c0f1da745c40141e26d0971ff5/pillow-10.4.0-cp38-cp38-musllinux_1_2_aarch64.whl", hash = "sha256:d7480af14364494365e89d6fddc510a13e5a2c3584cb19ef65415ca57252fb84" },
    { url = "https://mirrors.aliyun.com/pypi/packages/e4/90/763616e66dc9ad59c9b7fb58f863755e7934ef122e52349f62c7742b82d3/pillow-10.4.0-cp38-cp38-musllinux_1_2_x86_64.whl", hash = "sha256:73664fe514b34c8f02452ffb73b7a92c6774e39a647087f83d67f010eb9a0cf0" },
    { url = "https://mirrors.aliyun.com/pypi/packages/69/66/03002cb5b2c27bb519cba63b9f9aa3709c6f7a5d3b285406c01f03fb77e5/pillow-10.4.0-cp38-cp38-win32.whl", hash = "sha256:e88d5e6ad0d026fba7bdab8c3f225a69f063f116462c49892b0149e21b6c0a0e" },
    { url = "https://mirrors.aliyun.com/pypi/packages/f2/75/3cb820b2812405fc7feb3d0deb701ef0c3de93dc02597115e00704591bc9/pillow-10.4.0-cp38-cp38-win_amd64.whl", hash = "sha256:5161eef006d335e46895297f642341111945e2c1c899eb406882a6c61a4357ab" },
]

[[package]]
name = "protobuf"
version = "5.29.5"
source = { registry = "https://mirrors.aliyun.com/pypi/simple/" }
sdist = { url = "https://mirrors.aliyun.com/pypi/packages/43/29/d09e70352e4e88c9c7a198d5645d7277811448d76c23b00345670f7c8a38/protobuf-5.29.5.tar.gz", hash = "sha256:bc1463bafd4b0929216c35f437a8e28731a2b7fe3d98bb77a600efced5a15c84" }
wheels = [
    { url = "https://mirrors.aliyun.com/pypi/packages/5f/11/6e40e9fc5bba02988a214c07cf324595789ca7820160bfd1f8be96e48539/protobuf-5.29.5-cp310-abi3-win32.whl", hash = "sha256:3f1c6468a2cfd102ff4703976138844f78ebd1fb45f49011afc5139e9e283079" },
    { url = "https://mirrors.aliyun.com/pypi/packages/81/7f/73cefb093e1a2a7c3ffd839e6f9fcafb7a427d300c7f8aef9c64405d8ac6/protobuf-5.29.5-cp310-abi3-win_amd64.whl", hash = "sha256:3f76e3a3675b4a4d867b52e4a5f5b78a2ef9565549d4037e06cf7b0942b1d3fc" },
    { url = "https://mirrors.aliyun.com/pypi/packages/dd/73/10e1661c21f139f2c6ad9b23040ff36fee624310dc28fba20d33fdae124c/protobuf-5.29.5-cp38-abi3-macosx_10_9_universal2.whl", hash = "sha256:e38c5add5a311f2a6eb0340716ef9b039c1dfa428b28f25a7838ac329204a671" },
    { url = "https://mirrors.aliyun.com/pypi/packages/6c/04/98f6f8cf5b07ab1294c13f34b4e69b3722bb609c5b701d6c169828f9f8aa/protobuf-5.29.5-cp38-abi3-manylinux2014_aarch64.whl", hash = "sha256:fa18533a299d7ab6c55a238bf8629311439995f2e7eca5caaff08663606e9015" },
    { url = "https://mirrors.aliyun.com/pypi/packages/85/e4/07c80521879c2d15f321465ac24c70efe2381378c00bf5e56a0f4fbac8cd/protobuf-5.29.5-cp38-abi3-manylinux2014_x86_64.whl", hash = "sha256:63848923da3325e1bf7e9003d680ce6e14b07e55d0473253a690c3a8b8fd6e61" },
    { url = "https://mirrors.aliyun.com/pypi/packages/b1/24/dc0e489944b3cba0403f26223c0cc552a222af91a42257cbd25ef968b0c0/protobuf-5.29.5-cp38-cp38-win32.whl", hash = "sha256:ef91363ad4faba7b25d844ef1ada59ff1604184c0bcd8b39b8a6bef15e1af238" },
    { url = "https://mirrors.aliyun.com/pypi/packages/a2/bb/9a6e6ec4a99bccd35e326e8e5eab30ca42f3df987c13ca6522b8b4fbd5ff/protobuf-5.29.5-cp38-cp38-win_amd64.whl", hash = "sha256:7318608d56b6402d2ea7704ff1e1e4597bee46d760e7e4dd42a3d45e24b87f2e" },
    { url = "https://mirrors.aliyun.com/pypi/packages/7e/cc/7e77861000a0691aeea8f4566e5d3aa716f2b1dece4a24439437e41d3d25/protobuf-5.29.5-py3-none-any.whl", hash = "sha256:6cf42630262c59b2d8de33954443d94b746c952b01434fc58a417fdbd2e84bd5" },
]

[[package]]
name = "regex"
version = "2024.11.6"
source = { registry = "https://mirrors.aliyun.com/pypi/simple/" }
sdist = { url = "https://mirrors.aliyun.com/pypi/packages/8e/5f/bd69653fbfb76cf8604468d3b4ec4c403197144c7bfe0e6a5fc9e02a07cb/regex-2024.11.6.tar.gz", hash = "sha256:7ab159b063c52a0333c884e4679f8d7a85112ee3078fe3d9004b2dd875585519" }
wheels = [
    { url = "https://mirrors.aliyun.com/pypi/packages/44/0f/207b37e6e08d548fac0aa00bf0b7464126315d58ab5161216b8cb3abb2aa/regex-2024.11.6-cp38-cp38-macosx_10_9_universal2.whl", hash = "sha256:3a51ccc315653ba012774efca4f23d1d2a8a8f278a6072e29c7147eee7da446b" },
    { url = "https://mirrors.aliyun.com/pypi/packages/5a/5a/586bafa294c5d2451265d3685815606c61e620f469cac3b946fff0a4aa48/regex-2024.11.6-cp38-cp38-macosx_10_9_x86_64.whl", hash = "sha256:ad182d02e40de7459b73155deb8996bbd8e96852267879396fb274e8700190e3" },
    { url = "https://mirrors.aliyun.com/pypi/packages/08/92/9df786fad8a4e0766bfc9a2e334c5f0757356070c9639b2ec776b8cdef3d/regex-2024.11.6-cp38-cp38-macosx_11_0_arm64.whl", hash = "sha256:ba9b72e5643641b7d41fa1f6d5abda2c9a263ae835b917348fc3c928182ad467" },
    { url = "https://mirrors.aliyun.com/pypi/packages/0a/27/0b3cf7d9fbe43301aa3473d54406019a7380abe4e3c9ae250bac13c4fdb3/regex-2024.11.6-cp38-cp38-manylinux_2_17_aarch64.manylinux2014_aarch64.whl", hash = "sha256:40291b1b89ca6ad8d3f2b82782cc33807f1406cf68c8d440861da6304d8ffbbd" },
    { url = "https://mirrors.aliyun.com/pypi/packages/89/38/499b32cbb61163af60a5c5ff26aacea7836fe7e3d821e76af216e996088c/regex-2024.11.6-cp38-cp38-manylinux_2_17_ppc64le.manylinux2014_ppc64le.whl", hash = "sha256:cdf58d0e516ee426a48f7b2c03a332a4114420716d55769ff7108c37a09951bf" },
    { url = "https://mirrors.aliyun.com/pypi/packages/3f/a4/e3b11c643e5ae1059a08aeef971973f0c803d2a9ae2e7a86f97c68146a6c/regex-2024.11.6-cp38-cp38-manylinux_2_17_s390x.manylinux2014_s390x.whl", hash = "sha256:a36fdf2af13c2b14738f6e973aba563623cb77d753bbbd8d414d18bfaa3105dd" },
    { url = "https://mirrors.aliyun.com/pypi/packages/5a/c8/dc7153ceb5bcc344f5c4f0291ea45925a5f00009afa3849e91561ac2e847/regex-2024.11.6-cp38-cp38-manylinux_2_17_x86_64.manylinux2014_x86_64.whl", hash = "sha256:d1cee317bfc014c2419a76bcc87f071405e3966da434e03e13beb45f8aced1a6" },
    { url = "https://mirrors.aliyun.com/pypi/packages/2a/29/841489ea52013062b22625fbaf49b0916aeb62bae2e56425ac30f9dead46/regex-2024.11.6-cp38-cp38-manylinux_2_5_i686.manylinux1_i686.manylinux_2_17_i686.manylinux2014_i686.whl", hash = "sha256:50153825ee016b91549962f970d6a4442fa106832e14c918acd1c8e479916c4f" },
    { url = "https://mirrors.aliyun.com/pypi/packages/3e/4e/4a0da5e87f7c2dc73a8505785d5af2b1a19c66f4645b93caa50b7eb08242/regex-2024.11.6-cp38-cp38-manylinux_2_5_x86_64.manylinux1_x86_64.manylinux_2_12_x86_64.manylinux2010_x86_64.whl", hash = "sha256:ea1bfda2f7162605f6e8178223576856b3d791109f15ea99a9f95c16a7636fb5" },
    { url = "https://mirrors.aliyun.com/pypi/packages/94/6e/444e66346600d11e8a0f4bb31611973cffa772d5033ba1cf1f15de8a0d52/regex-2024.11.6-cp38-cp38-musllinux_1_2_aarch64.whl", hash = "sha256:df951c5f4a1b1910f1a99ff42c473ff60f8225baa1cdd3539fe2819d9543e9df" },
    { url = "https://mirrors.aliyun.com/pypi/packages/da/28/95c3ed6cd51b27f54e59940400e2a3ddd3f8bbbc3aaf947e57a67104ecbd/regex-2024.11.6-cp38-cp38-musllinux_1_2_i686.whl", hash = "sha256:072623554418a9911446278f16ecb398fb3b540147a7828c06e2011fa531e773" },
    { url = "https://mirrors.aliyun.com/pypi/packages/07/5d/0cd19cf44d96a7aa31526611c24235d21d27c23b65201cb2c5cac508dd42/regex-2024.11.6-cp38-cp38-musllinux_1_2_ppc64le.whl", hash = "sha256:f654882311409afb1d780b940234208a252322c24a93b442ca714d119e68086c" },
    { url = "https://mirrors.aliyun.com/pypi/packages/2a/13/ec3f8d85b789ee1c6ffbdfd4092fd901416716317ee17bf51aa2890bac96/regex-2024.11.6-cp38-cp38-musllinux_1_2_s390x.whl", hash = "sha256:89d75e7293d2b3e674db7d4d9b1bee7f8f3d1609428e293771d1a962617150cc" },
    { url = "https://mirrors.aliyun.com/pypi/packages/50/cb/7170247e65afea2bf9204bcb2682f292b0a3a57d112478da199b84d59792/regex-2024.11.6-cp38-cp38-musllinux_1_2_x86_64.whl", hash = "sha256:f65557897fc977a44ab205ea871b690adaef6b9da6afda4790a2484b04293a5f" },
    { url = "https://mirrors.aliyun.com/pypi/packages/cc/06/c817c9201f09b7d9dd033039ba90d8197c91e9fe2984141f2d1de270c159/regex-2024.11.6-cp38-cp38-win32.whl", hash = "sha256:6f44ec28b1f858c98d3036ad5d7d0bfc568bdd7a74f9c24e25f41ef1ebfd81a4" },
    { url = "https://mirrors.aliyun.com/pypi/packages/cf/69/c39e16320400842eb4358c982ef5fc680800866f35ebfd4dd38a22967ce0/regex-2024.11.6-cp38-cp38-win_amd64.whl", hash = "sha256:bb8f74f2f10dbf13a0be8de623ba4f9491faf58c24064f32b65679b021ed0001" },
]

[[package]]
name = "requests"
version = "2.32.4"
source = { registry = "https://mirrors.aliyun.com/pypi/simple/" }
dependencies = [
    { name = "certifi" },
    { name = "charset-normalizer" },
    { name = "idna" },
    { name = "urllib3" },
]
sdist = { url = "https://mirrors.aliyun.com/pypi/packages/e1/0a/929373653770d8a0d7ea76c37de6e41f11eb07559b103b1c02cafb3f7cf8/requests-2.32.4.tar.gz", hash = "sha256:27d0316682c8a29834d3264820024b62a36942083d52caf2f14c0591336d3422" }
wheels = [
    { url = "https://mirrors.aliyun.com/pypi/packages/7c/e4/56027c4a6b4ae70ca9de302488c5ca95ad4a39e190093d6c1a8ace08341b/requests-2.32.4-py3-none-any.whl", hash = "sha256:27babd3cda2a6d50b30443204ee89830707d396671944c998b5975b031ac2b2c" },
]

[[package]]
name = "sacremoses"
version = "0.1.1"
source = { registry = "https://mirrors.aliyun.com/pypi/simple/" }
dependencies = [
    { name = "click" },
    { name = "joblib" },
    { name = "regex" },
    { name = "tqdm" },
]
sdist = { url = "https://mirrors.aliyun.com/pypi/packages/1d/51/fbdc4af4f6e85d26169e28be3763fe50ddfd0d4bf8b871422b0788dcc4d2/sacremoses-0.1.1.tar.gz", hash = "sha256:b6fd5d3a766b02154ed80b962ddca91e1fd25629c0978c7efba21ebccf663934" }
wheels = [
    { url = "https://mirrors.aliyun.com/pypi/packages/0b/f0/89ee2bc9da434bd78464f288fdb346bc2932f2ee80a90b2a4bbbac262c74/sacremoses-0.1.1-py3-none-any.whl", hash = "sha256:31e04c98b169bfd902144824d191825cd69220cdb4ae4bcf1ec58a7db5587b1a" },
]

[[package]]
name = "scikit-learn"
version = "0.23.1"
source = { registry = "https://mirrors.aliyun.com/pypi/simple/" }
dependencies = [
    { name = "joblib" },
    { name = "numpy" },
    { name = "scipy" },
    { name = "threadpoolctl" },
]
sdist = { url = "https://mirrors.aliyun.com/pypi/packages/23/b0/ff0f4ffa3da1ddb242a295d5d19dd1775f567ad73a6ea7474eaa55e04836/scikit-learn-0.23.1.tar.gz", hash = "sha256:e3fec1c8831f8f93ad85581ca29ca1bb88e2da377fb097cf8322aa89c21bc9b8" }
wheels = [
    { url = "https://mirrors.aliyun.com/pypi/packages/ea/47/078b5ef83ccff1def48c29158be998375321397be53af6dc10f22c6dc08d/scikit_learn-0.23.1-cp38-cp38-macosx_10_9_x86_64.whl", hash = "sha256:0c3464e46ef8bd4f1bfa5c009648c6449412c8f7e9b3fc0c9e3d800139c48827" },
    { url = "https://mirrors.aliyun.com/pypi/packages/c2/7b/c22988d5cf6b9fedb206976afa48a492e7fb4fa43cff45667e45dd8d44ef/scikit_learn-0.23.1-cp38-cp38-manylinux1_i686.whl", hash = "sha256:93f56abd316d131645559ec0ab4f45e3391c2ccdd4eadaa4912f4c1e0a6f2c96" },
    { url = "https://mirrors.aliyun.com/pypi/packages/47/14/c094698b7dd17cd2e289974a78d6d2df78c0d9eb0ac4d8d5fad255aaf977/scikit_learn-0.23.1-cp38-cp38-manylinux1_x86_64.whl", hash = "sha256:3e6e92b495eee193a8fa12a230c9b7976ea0fc1263719338e35c986ea1e42cff" },
    { url = "https://mirrors.aliyun.com/pypi/packages/4a/e5/e6499000a1e73af77e0bc975bfebea2de4a83a82d4facf47339a953fc98f/scikit_learn-0.23.1-cp38-cp38-win32.whl", hash = "sha256:5bcea4d6ee431c814261117281363208408aa4e665633655895feb059021aca6" },
    { url = "https://mirrors.aliyun.com/pypi/packages/7e/e5/888491b7e2c16718a68dfd8498325e8927003410b2d19ba255d8751338a5/scikit_learn-0.23.1-cp38-cp38-win_amd64.whl", hash = "sha256:16feae4361be6b299d4d08df5a30956b4bfc8eadf173fe9258f6d59630f851d4" },
]

[[package]]
name = "scipy"
version = "1.9.3"
source = { registry = "https://mirrors.aliyun.com/pypi/simple/" }
dependencies = [
    { name = "numpy" },
]
sdist = { url = "https://mirrors.aliyun.com/pypi/packages/0a/2e/44795c6398e24e45fa0bb61c3e98de1cfea567b1b51efd3751e2f7ff9720/scipy-1.9.3.tar.gz", hash = "sha256:fbc5c05c85c1a02be77b1ff591087c83bc44579c6d2bd9fb798bb64ea5e1a027" }
wheels = [
    { url = "https://mirrors.aliyun.com/pypi/packages/84/86/4f38fa30c112c3590954420f85d95b8cd23811ecc5cfc4bfd4d988d4db44/scipy-1.9.3-cp38-cp38-macosx_10_9_x86_64.whl", hash = "sha256:5a04cd7d0d3eff6ea4719371cbc44df31411862b9646db617c99718ff68d4840" },
    { url = "https://mirrors.aliyun.com/pypi/packages/44/8a/bae77e624391b27aeea2d33a02f2ce4a8019f1378ce92faf5780f1521f2e/scipy-1.9.3-cp38-cp38-macosx_12_0_arm64.whl", hash = "sha256:545c83ffb518094d8c9d83cce216c0c32f8c04aaf28b92cc8283eda0685162d5" },
    { url = "https://mirrors.aliyun.com/pypi/packages/f4/9d/882134b1e774a9227ab855c71a39612194e1106185595417ce92f0f1e78c/scipy-1.9.3-cp38-cp38-manylinux_2_17_aarch64.manylinux2014_aarch64.whl", hash = "sha256:0d54222d7a3ba6022fdf5773931b5d7c56efe41ede7f7128c7b1637700409108" },
    { url = "https://mirrors.aliyun.com/pypi/packages/56/af/6a2b90fe280e89466d84747054667f74b84a8304f75931a173090919991f/scipy-1.9.3-cp38-cp38-manylinux_2_17_x86_64.manylinux2014_x86_64.whl", hash = "sha256:cff3a5295234037e39500d35316a4c5794739433528310e117b8a9a0c76d20fc" },
    { url = "https://mirrors.aliyun.com/pypi/packages/42/14/d2500818b7bb7b862d70c1ae97e646a4795b068583c67720553764095024/scipy-1.9.3-cp38-cp38-win_amd64.whl", hash = "sha256:2318bef588acc7a574f5bfdff9c172d0b1bf2c8143d9582e05f878e580a3781e" },
]

[[package]]
name = "sentencepiece"
version = "0.1.91"
source = { registry = "https://mirrors.aliyun.com/pypi/simple/" }
sdist = { url = "https://mirrors.aliyun.com/pypi/packages/ba/f6/520b56e5977f62aee48833da8b4ff2fdc2b10ebfa0dd78556b1d707d4086/sentencepiece-0.1.91.tar.gz", hash = "sha256:f9700cf607ea064d9fad34c751fbf49953dcc56fe68c54b277481aa0aec5c18f" }
wheels = [
    { url = "https://mirrors.aliyun.com/pypi/packages/37/59/9378da684430a41bb6fab4b8d23f53843abfd529d433d334d958afdbd9f2/sentencepiece-0.1.91-cp38-cp38-macosx_10_6_x86_64.whl", hash = "sha256:f331fd58f438d5d5476d189e9a4944c84f7e4b027533809292b9c119b58e43b8" },
    { url = "https://mirrors.aliyun.com/pypi/packages/ff/25/d7c194dca635badb09078d894f1f327f15729b877d343551b2fa17481354/sentencepiece-0.1.91-cp38-cp38-manylinux1_i686.whl", hash = "sha256:79ad2f82b412859c516b569fb89b5e5c0ceba74d71c8d4b99cc8a2c734f3c79d" },
    { url = "https://mirrors.aliyun.com/pypi/packages/8f/56/0d0b0669fc600f7b487f4765b8459b546d3bb9600542a4981ecef4378f6e/sentencepiece-0.1.91-cp38-cp38-manylinux1_x86_64.whl", hash = "sha256:796726d680d6c26f0f4ff213a0f6b1ef790b02071268adf5f449739c1c903f93" },
    { url = "https://mirrors.aliyun.com/pypi/packages/bf/e3/9d5f8017bea407fa47d7b26db2c51ed0573aaed682d8b457b935e006463d/sentencepiece-0.1.91-cp38-cp38-win32.whl", hash = "sha256:9bdff324279359598a516de8413fd2c62bc3c9c8f569f4431829599fbe57e417" },
    { url = "https://mirrors.aliyun.com/pypi/packages/3b/bf/59a8870c8709cd8c4e6bc5db2fae02f241cbcf36c6b4b4aa6730cd97e3bc/sentencepiece-0.1.91-cp38-cp38-win_amd64.whl", hash = "sha256:c2a004470d388272d6c17ca160ef73d6ea1ffcddc345771d817ece5c85d85dcb" },
]

[[package]]
name = "six"
version = "1.17.0"
source = { registry = "https://mirrors.aliyun.com/pypi/simple/" }
sdist = { url = "https://mirrors.aliyun.com/pypi/packages/94/e7/b2c673351809dca68a0e064b6af791aa332cf192da575fd474ed7d6f16a2/six-1.17.0.tar.gz", hash = "sha256:ff70335d468e7eb6ec65b95b99d3a2836546063f63acc5171de367e834932a81" }
wheels = [
    { url = "https://mirrors.aliyun.com/pypi/packages/b7/ce/149a00dd41f10bc29e5921b496af8b574d8413afcd5e30dfa0ed46c2cc5e/six-1.17.0-py2.py3-none-any.whl", hash = "sha256:4721f391ed90541fddacab5acf947aa0d3dc7d27b2e1e8eda2be8970586c3274" },
]

[[package]]
name = "tensorboardx"
version = "2.1"
source = { registry = "https://mirrors.aliyun.com/pypi/simple/" }
dependencies = [
    { name = "numpy" },
    { name = "protobuf" },
    { name = "six" },
]
sdist = { url = "https://mirrors.aliyun.com/pypi/packages/81/9e/2ec36244782d52dc2702040276b69a24a75df6bde620116a5ff12d3e92f0/tensorboardX-2.1.tar.gz", hash = "sha256:9e8907cf2ab900542d6cb72bf91aa87b43005a7f0aa43126268697e3727872f9" }
wheels = [
    { url = "https://mirrors.aliyun.com/pypi/packages/af/0c/4f41bcd45db376e6fe5c619c01100e9b7531c55791b7244815bac6eac32c/tensorboardX-2.1-py2.py3-none-any.whl", hash = "sha256:2d81c10d9e3225dcd9bb5fb277588610bdf45317603e7682f6953d83b5b38f6a" },
]

[[package]]
name = "threadpoolctl"
version = "3.5.0"
source = { registry = "https://mirrors.aliyun.com/pypi/simple/" }
sdist = { url = "https://mirrors.aliyun.com/pypi/packages/bd/55/b5148dcbf72f5cde221f8bfe3b6a540da7aa1842f6b491ad979a6c8b84af/threadpoolctl-3.5.0.tar.gz", hash = "sha256:082433502dd922bf738de0d8bcc4fdcbf0979ff44c42bd40f5af8a282f6fa107" }
wheels = [
    { url = "https://mirrors.aliyun.com/pypi/packages/4b/2c/ffbf7a134b9ab11a67b0cf0726453cedd9c5043a4fe7a35d1cefa9a1bcfb/threadpoolctl-3.5.0-py3-none-any.whl", hash = "sha256:56c1e26c150397e58c4926da8eeee87533b1e32bef131bd4bf6a2f45f3185467" },
]

[[package]]
name = "tokenizers"
version = "0.9.3"
source = { registry = "https://mirrors.aliyun.com/pypi/simple/" }
sdist = { url = "https://mirrors.aliyun.com/pypi/packages/4b/90/ee3a6dd493ac9345aac4afd29139c532c1f708d7c78bc1022beaafb17a6a/tokenizers-0.9.3.tar.gz", hash = "sha256:bacaeb3621055aba9b5158a21dc8b5d80f65724ff47f414f9d06f1e087668d61" }
wheels = [
    { url = "https://mirrors.aliyun.com/pypi/packages/6b/df/f522d4ea8542b6146ef960a9399daddd2af302e2a93949f3cbd2e59dfcc1/tokenizers-0.9.3-cp38-cp38-macosx_10_11_x86_64.whl", hash = "sha256:a8c197a0d8f8b91cc220315e1617b942d992ae70bade504838b70e49bf5e4454" },
    { url = "https://mirrors.aliyun.com/pypi/packages/e1/28/fd31e920ec1832495ee2c72837afd8794e551308666e3b81a8164438eef6/tokenizers-0.9.3-cp38-cp38-manylinux1_x86_64.whl", hash = "sha256:27ec3543e6e5701586804b1536cf687d44f8167871bd84ab01e5700cbfa969ec" },
    { url = "https://mirrors.aliyun.com/pypi/packages/cd/d1/ea74eb81061289032b2a0afa2cd243a97abd45fd91e5300a5dfd3e6a4d40/tokenizers-0.9.3-cp38-cp38-win32.whl", hash = "sha256:e76f84123695ccfaef734912369edbcb8ed71723196987ffd086e07d00c9d73a" },
    { url = "https://mirrors.aliyun.com/pypi/packages/5b/6c/ecb61b56fa4a8cdcfb563b113daab32585ab28cd8d58aceed20482d1e1ed/tokenizers-0.9.3-cp38-cp38-win_amd64.whl", hash = "sha256:3100ed9051558a3b2a9c2b7dda6880328a7c4c0736be72d279b0029339d55789" },
]

[[package]]
name = "torch"
version = "1.5.0"
source = { registry = "https://mirrors.aliyun.com/pypi/simple/" }
dependencies = [
    { name = "future" },
    { name = "numpy" },
]
wheels = [
    { url = "https://mirrors.aliyun.com/pypi/packages/ec/77/6de2895b3f0953f5e4bd9c7bb3f04552124051d1c0eb66697354aa510bf9/torch-1.5.0-cp38-cp38-manylinux1_x86_64.whl", hash = "sha256:ecdc2ea4011e3ec04937b6b9e803ab671c3ac04e81b1df20354e01453e508b2f" },
    { url = "https://mirrors.aliyun.com/pypi/packages/5c/8a/a64859cbcfc0f7cfe15130ebcb8d70701936c7520036fbc379bee565c395/torch-1.5.0-cp38-none-macosx_10_9_x86_64.whl", hash = "sha256:cb4412c6b00117ab5e014d07dac45b87f1e918e31fbb849e7e39f1f9140fff59" },
]

[[package]]
name = "torchvision"
version = "0.6.0"
source = { registry = "https://mirrors.aliyun.com/pypi/simple/" }
dependencies = [
    { name = "numpy" },
    { name = "pillow" },
    { name = "torch" },
]
wheels = [
    { url = "https://mirrors.aliyun.com/pypi/packages/71/5a/389e5c7d8319a29f00167bdf052b69fd536e9ad713f855f165dbf9ac3781/torchvision-0.6.0-cp38-cp38-macosx_10_9_x86_64.whl", hash = "sha256:691d68f3726b7392fe37db7184aef8a6b6f7cf6ff38fae769b287b3d6e1eb69a" },
    { url = "https://mirrors.aliyun.com/pypi/packages/45/97/ec9acf1c3fae8d440ca9c786ca44e25534f0e155bac46c0e7dec7763eb1f/torchvision-0.6.0-cp38-cp38-manylinux1_x86_64.whl", hash = "sha256:ea39bed9e9497a67c5f66e37d3d5a663a0284868ae8616de81f65c66d9ad802b" },
]

[[package]]
name = "tqdm"
version = "4.48.1"
source = { registry = "https://mirrors.aliyun.com/pypi/simple/" }
sdist = { url = "https://mirrors.aliyun.com/pypi/packages/a2/d3/d6fcee65655e288c308f787d96316440469448d29e1034aa7c8cc6a6dced/tqdm-4.48.1.tar.gz", hash = "sha256:7b7dd59cd9f03b89365ba67eb8515f5d2803fd1eb707abdbb914691a3123d9df" }
wheels = [
    { url = "https://mirrors.aliyun.com/pypi/packages/43/74/ff00ba1f998684ffc67ea700ed45e5099877906ac36ca6d7b5d9695e6166/tqdm-4.48.1-py2.py3-none-any.whl", hash = "sha256:44b896c38f70f91826a3f83a3195b23c0460322bfc729566ec8e4e89bb5ad713" },
]

[[package]]
name = "transformers"
version = "3.5.1"
source = { registry = "https://mirrors.aliyun.com/pypi/simple/" }
dependencies = [
    { name = "filelock" },
    { name = "numpy" },
    { name = "packaging" },
    { name = "protobuf" },
    { name = "regex" },
    { name = "requests" },
    { name = "sacremoses" },
    { name = "sentencepiece" },
    { name = "tokenizers" },
    { name = "tqdm" },
]
sdist = { url = "https://mirrors.aliyun.com/pypi/packages/11/c9/6a0c20fdb29deff984674db32179a8cb4eebe65a35a7a1af235b9a8ea131/transformers-3.5.1.tar.gz", hash = "sha256:0d637c6cecc13b12f33f9e79bf5757c85f433c851e3ae7845ff20b6c49f41441" }
wheels = [
    { url = "https://mirrors.aliyun.com/pypi/packages/3a/83/e74092e7f24a08d751aa59b37a9fc572b2e4af3918cb66f7766c3affb1b4/transformers-3.5.1-py3-none-any.whl", hash = "sha256:cefb06c8892e0ce2de1bfc782d2c49af020960ebada8340317306ff606190341" },
]

[[package]]
name = "urllib3"
version = "2.2.3"
source = { registry = "https://mirrors.aliyun.com/pypi/simple/" }
sdist = { url = "https://mirrors.aliyun.com/pypi/packages/ed/63/22ba4ebfe7430b76388e7cd448d5478814d3032121827c12a2cc287e2260/urllib3-2.2.3.tar.gz", hash = "sha256:e7d814a81dad81e6caf2ec9fdedb284ecc9c73076b62654547cc64ccdcae26e9" }
wheels = [
    { url = "https://mirrors.aliyun.com/pypi/packages/ce/d9/5f4c13cecde62396b0d3fe530a50ccea91e7dfc1ccf0e09c228841bb5ba8/urllib3-2.2.3-py3-none-any.whl", hash = "sha256:ca899ca043dcb1bafa3e262d73aa25c465bfb49e0bd9dd5d59f1d0acba2f8fac" },
]
